
Microsoft Visual Studio Solution File, Format Version 12.00
# Visual Studio Version 17
VisualStudioVersion = 17.6.33815.320
MinimumVisualStudioVersion = 10.0.40219.1
Project("{FAE04EC0-301F-11D3-BF4B-00C04F79EFBC}") = "MVCSchool", "MVCSchool.csproj", "{B16E7B59-DEA3-49A6-A9BE-EB56F93E1D41}"
EndProject
Global
	GlobalSection(SolutionConfigurationPlatforms) = preSolution
		Debug|Any CPU = Debug|Any CPU
		Release|Any CPU = Release|Any CPU
	EndGlobalSection
	GlobalSection(ProjectConfigurationPlatforms) = postSolution
		{B16E7B59-DEA3-49A6-A9BE-EB56F93E1D41}.Debug|Any CPU.ActiveCfg = Debug|Any CPU
		{B16E7B59-DEA3-49A6-A9BE-EB56F93E1D41}.Debug|Any CPU.Build.0 = Debug|Any CPU
		{B16E7B59-DEA3-49A6-A9BE-EB56F93E1D41}.Release|Any CPU.ActiveCfg = Release|Any CPU
		{B16E7B59-DEA3-49A6-A9BE-EB56F93E1D41}.Release|Any CPU.Build.0 = Release|Any CPU
	EndGlobalSection
	GlobalSection(SolutionProperties) = preSolution
		HideSolutionNode = FALSE
	EndGlobalSection
	GlobalSection(ExtensibilityGlobals) = postSolution
		SolutionGuid = {E08EBCE4-732A-46DD-843A-5CE6300E4F7C}
	EndGlobalSection
EndGlobal
